{
  "name": "workspace",
  "version": "1.0.0",
  "lockfileVersion": 3,
  "requires": true,
  "packages": {
    "": {
      "name": "workspace",
      "version": "1.0.0",
      "license": "ISC",
      "dependencies": {
        "accepts": "^2.0.0",
        "ajv": "^6.12.6",
        "append-field": "^1.0.0",
        "array-buffer-byte-length": "^1.0.2",
        "array.prototype.findindex": "^2.2.4",
        "arraybuffer.prototype.slice": "^1.0.4",
        "asn1": "^0.2.6",
        "assert-plus": "^1.0.0",
        "async-function": "^1.0.0",
        "async-mutex": "^0.3.2",
        "asynckit": "^0.4.0",
        "available-typed-arrays": "^1.0.7",
        "aws-sign2": "^0.7.0",
        "aws4": "^1.13.2",
        "axios": "^1.9.0",
        "base64-js": "^1.5.1",
        "bcrypt-pbkdf": "^1.0.2",
        "big-integer": "^1.6.52",
        "bl": "^1.2.3",
        "bluebird": "^3.7.2",
        "body-parser": "^2.2.0",
        "bson": "^6.10.3",
        "buffer": "^6.0.3",
        "buffer-from": "^1.1.2",
        "bufferutil": "^4.0.9",
        "busboy": "^1.6.0",
        "bytes": "^3.1.2",
        "call-bind": "^1.0.8",
        "call-bind-apply-helpers": "^1.0.2",
        "call-bound": "^1.0.4",
        "caseless": "^0.12.0",
        "combined-stream": "^1.0.8",
        "concat-stream": "^1.6.2",
        "content-disposition": "^1.0.0",
        "content-type": "^1.0.5",
        "cookie": "^0.7.2",
        "cookie-signature": "^1.2.2",
        "core-util-is": "^1.0.3",
        "d": "^1.0.2",
        "dashdash": "^1.14.1",
        "data-view-buffer": "^1.0.2",
        "data-view-byte-length": "^1.0.2",
        "data-view-byte-offset": "^1.0.1",
        "debug": "^4.4.0",
        "define-data-property": "^1.1.4",
        "define-properties": "^1.2.1",
        "delayed-stream": "^1.0.0",
        "depd": "^2.0.0",
        "dom-serializer": "^1.4.1",
        "domelementtype": "^2.3.0",
        "domhandler": "^4.3.1",
        "domutils": "^2.8.0",
        "dotenv": "^16.5.0",
        "dunder-proto": "^1.0.1",
        "ecc-jsbn": "^0.1.2",
        "ee-first": "^1.1.1",
        "encodeurl": "^2.0.0",
        "end-of-stream": "^1.4.4",
        "entities": "^2.2.0",
        "es-abstract": "^1.23.9",
        "es-define-property": "^1.0.1",
        "es-errors": "^1.3.0",
        "es-object-atoms": "^1.1.1",
        "es-set-tostringtag": "^2.1.0",
        "es-shim-unscopables": "^1.1.0",
        "es-to-primitive": "^1.3.0",
        "es5-ext": "^0.10.64",
        "es6-iterator": "^2.0.3",
        "es6-symbol": "^3.1.4",
        "escape-html": "^1.0.3",
        "esniff": "^2.0.1",
        "etag": "^1.8.1",
        "event-emitter": "^0.3.5",
        "eventemitter3": "^3.1.2",
        "express": "^5.1.0",
        "ext": "^1.7.0",
        "extend": "^3.0.2",
        "extsprintf": "^1.3.0",
        "fast-deep-equal": "^3.1.3",
        "fast-json-stable-stringify": "^2.1.0",
        "file-type": "^3.9.0",
        "finalhandler": "^2.1.0",
        "follow-redirects": "^1.15.9",
        "for-each": "^0.3.5",
        "forever-agent": "^0.6.1",
        "form-data": "^4.0.2",
        "forwarded": "^0.2.0",
        "fresh": "^2.0.0",
        "function-bind": "^1.1.2",
        "function.prototype.name": "^1.1.8",
        "functions-have-names": "^1.2.3",
        "get-intrinsic": "^1.3.0",
        "get-proto": "^1.0.1",
        "get-symbol-description": "^1.1.0",
        "getpass": "^0.1.7",
        "globalthis": "^1.0.4",
        "gopd": "^1.2.0",
        "graceful-fs": "^4.2.11",
        "har-schema": "^2.0.0",
        "har-validator": "^5.1.5",
        "has-bigints": "^1.1.0",
        "has-property-descriptors": "^1.0.2",
        "has-proto": "^1.2.0",
        "has-symbols": "^1.1.0",
        "has-tostringtag": "^1.0.2",
        "hasown": "^2.0.2",
        "htmlparser2": "^6.1.0",
        "http-errors": "^2.0.0",
        "http-signature": "^1.4.0",
        "iconv-lite": "^0.6.3",
        "ieee754": "^1.2.1",
        "imurmurhash": "^0.1.4",
        "inherits": "^2.0.4",
        "internal-slot": "^1.1.0",
        "ip-address": "^9.0.5",
        "ipaddr.js": "^1.9.1",
        "is-array-buffer": "^3.0.5",
        "is-async-function": "^2.1.1",
        "is-bigint": "^1.1.0",
        "is-boolean-object": "^1.2.2",
        "is-callable": "^1.2.7",
        "is-data-view": "^1.0.2",
        "is-date-object": "^1.1.0",
        "is-finalizationregistry": "^1.1.1",
        "is-generator-function": "^1.1.0",
        "is-map": "^2.0.3",
        "is-number-object": "^1.1.1",
        "is-promise": "^4.0.0",
        "is-regex": "^1.2.1",
        "is-set": "^2.0.3",
        "is-shared-array-buffer": "^1.0.4",
        "is-string": "^1.1.1",
        "is-symbol": "^1.1.1",
        "is-typed-array": "^1.1.15",
        "is-typedarray": "^1.0.0",
        "is-weakmap": "^2.0.2",
        "is-weakref": "^1.1.1",
        "is-weakset": "^2.0.4",
        "isarray": "^1.0.0",
        "isstream": "^0.1.2",
        "jsbn": "^0.1.1",
        "json-schema": "^0.4.0",
        "json-schema-traverse": "^0.4.1",
        "json-stringify-safe": "^5.0.1",
        "jsprim": "^2.0.2",
        "lodash": "^4.17.21",
        "math-intrinsics": "^1.1.0",
        "media-typer": "^1.1.0",
        "memory-pager": "^1.5.0",
        "merge-descriptors": "^2.0.0",
        "mime": "^1.6.0",
        "mime-db": "^1.54.0",
        "mime-types": "^3.0.1",
        "minimist": "^1.2.8",
        "mkdirp": "^0.5.6",
        "mongodb": "^6.16.0",
        "mongodb-connection-string-url": "^3.0.2",
        "ms": "^2.1.3",
        "multer": "^2.0.0",
        "negotiator": "^1.0.0",
        "next-tick": "^1.1.0",
        "node-gyp-build": "^4.8.4",
        "node-localstorage": "^2.2.1",
        "node-telegram-bot-api": "^0.66.0",
        "oauth-sign": "^0.9.0",
        "object-assign": "^4.1.1",
        "object-inspect": "^1.13.4",
        "object-keys": "^1.1.1",
        "object.assign": "^4.1.7",
        "on-finished": "^2.4.1",
        "once": "^1.4.0",
        "own-keys": "^1.0.1",
        "pako": "^2.1.0",
        "parseurl": "^1.3.3",
        "path-browserify": "^1.0.1",
        "path-to-regexp": "^8.2.0",
        "performance-now": "^2.1.0",
        "possible-typed-array-names": "^1.1.0",
        "process-nextick-args": "^2.0.1",
        "proxy-addr": "^2.0.7",
        "proxy-from-env": "^1.1.0",
        "psl": "^1.15.0",
        "pump": "^2.0.1",
        "punycode": "^2.3.1",
        "qs": "^6.14.0",
        "querystringify": "^2.2.0",
        "range-parser": "^1.2.1",
        "raw-body": "^3.0.0",
        "readable-stream": "^2.3.8",
        "real-cancellable-promise": "^1.2.1",
        "reflect.getprototypeof": "^1.0.10",
        "regexp.prototype.flags": "^1.5.4",
        "request": "^2.88.2",
        "request-promise-core": "^1.1.3",
        "requires-port": "^1.0.0",
        "router": "^2.2.0",
        "safe-array-concat": "^1.1.3",
        "safe-buffer": "^5.2.1",
        "safe-push-apply": "^1.0.0",
        "safe-regex-test": "^1.1.0",
        "safer-buffer": "^2.1.2",
        "send": "^1.2.0",
        "serve-static": "^2.2.0",
        "set-function-length": "^1.2.2",
        "set-function-name": "^2.0.2",
        "set-proto": "^1.0.0",
        "setprototypeof": "^1.2.0",
        "side-channel": "^1.1.0",
        "side-channel-list": "^1.0.0",
        "side-channel-map": "^1.0.1",
        "side-channel-weakmap": "^1.0.2",
        "slide": "^1.1.6",
        "smart-buffer": "^4.2.0",
        "socks": "^2.8.4",
        "sparse-bitfield": "^3.0.3",
        "sprintf-js": "^1.1.3",
        "sshpk": "^1.18.0",
        "statuses": "^2.0.1",
        "stealthy-require": "^1.1.1",
        "store2": "^2.14.4",
        "streamsearch": "^1.1.0",
        "string_decoder": "^1.1.1",
        "string.prototype.trim": "^1.2.10",
        "string.prototype.trimend": "^1.0.9",
        "string.prototype.trimstart": "^1.0.8",
        "telegram": "^2.26.22",
        "tldts": "^6.1.86",
        "tldts-core": "^6.1.86",
        "toidentifier": "^1.0.1",
        "tough-cookie": "^5.1.2",
        "tr46": "^5.1.1",
        "ts-custom-error": "^3.3.1",
        "tslib": "^2.8.1",
        "tunnel-agent": "^0.6.0",
        "tweetnacl": "^0.14.5",
        "type": "^2.7.3",
        "type-is": "^2.0.1",
        "typed-array-buffer": "^1.0.3",
        "typed-array-byte-length": "^1.0.3",
        "typed-array-byte-offset": "^1.0.4",
        "typed-array-length": "^1.0.7",
        "typedarray": "^0.0.6",
        "typedarray-to-buffer": "^3.1.5",
        "unbox-primitive": "^1.1.0",
        "undici-types": "^6.20.0",
        "universalify": "^0.2.0",
        "unpipe": "^1.0.0",
        "uri-js": "^4.4.1",
        "url-parse": "^1.5.10",
        "utf-8-validate": "^5.0.10",
        "util-deprecate": "^1.0.2",
        "uuid": "^8.3.2",
        "vary": "^1.1.2",
        "verror": "^1.10.0",
        "webidl-conversions": "^7.0.0",
        "websocket": "^1.0.35",
        "whatwg-url": "^14.2.0",
        "which-boxed-primitive": "^1.1.1",
        "which-builtin-type": "^1.2.1",
        "which-collection": "^1.0.2",
        "which-typed-array": "^1.1.19",
        "wrappy": "^1.0.2",
        "write-file-atomic": "^1.3.4",
        "ws": "^8.18.2",
        "xtend": "^4.0.2",
        "yaeti": "^0.0.6"
      },
      "devDependencies": {}
    },
    "node_modules/@cryptography/aes": {
      "version": "0.1.1",
      "resolved": "https://registry.npmjs.org/@cryptography/aes/-/aes-0.1.1.tgz",
      "integrity": "sha512-PcYz4FDGblO6tM2kSC+VzhhK62vml6k6/YAkiWtyPvrgJVfnDRoHGDtKn5UiaRRUrvUTTocBpvc2rRgTCqxjsg==",
      "license": "GPL-3.0-or-later"
    },
    "node_modules/@cypress/request": {
      "version": "3.0.8",
      "resolved": "https://registry.npmjs.org/@cypress/request/-/request-3.0.8.tgz",
      "integrity": "sha512-h0NFgh1mJmm1nr4jCwkGHwKneVYKghUyWe6TMNrk0B9zsjAJxpg8C4/+BAcmLgCPa1vj1V8rNUaILl+zYRUWBQ==",
      "license": "Apache-2.0",
      "dependencies": {
        "aws-sign2": "~0.7.0",
        "aws4": "^1.8.0",
        "caseless": "~0.12.0",
        "combined-stream": "~1.0.6",
        "extend": "~3.0.2",
        "forever-agent": "~0.6.1",
        "form-data": "~4.0.0",
        "http-signature": "~1.4.0",
        "is-typedarray": "~1.0.0",
        "isstream": "~0.1.2",
        "json-stringify-safe": "~5.0.1",
        "mime-types": "~2.1.19",
        "performance-now": "^2.1.0",
        "qs": "6.14.0",
        "safe-buffer": "^5.1.2",
        "tough-cookie": "^5.0.0",
        "tunnel-agent": "^0.6.0",
        "uuid": "^8.3.2"
      },
      "engines": {
        "node": ">= 6"
      }
    },
    "node_modules/@cypress/request-promise": {
      "version": "5.0.0",
      "resolved": "https://registry.npmjs.org/@cypress/request-promise/-/request-promise-5.0.0.tgz",
      "integrity": "sha512-eKdYVpa9cBEw2kTBlHeu1PP16Blwtum6QHg/u9s/MoHkZfuo1pRGka1VlUHXF5kdew82BvOJVVGk0x8X0nbp+w==",
      "license": "ISC",
      "dependencies": {
        "bluebird": "^3.5.0",
        "request-promise-core": "1.1.3",
        "stealthy-require": "^1.1.1",
        "tough-cookie": "^4.1.3"
      },
      "engines": {
        "node": ">=0.10.0"
      },
      "peerDependencies": {
        "@cypress/request": "^3.0.0"
      }
    },
    "node_modules/@cypress/request-promise/node_modules/tough-cookie": {
      "version": "4.1.4",
      "resolved": "https://registry.npmjs.org/tough-cookie/-/tough-cookie-4.1.4.tgz",
      "integrity": "sha512-Loo5UUvLD9ScZ6jh8beX1T6sO1w2/MpCRpEP7V280GKMVUQ0Jzar2U3UJPsrdbziLEMMhu3Ujnq//rhiFuIeag==",
      "license": "BSD-3-Clause",
      "dependencies": {
        "psl": "^1.1.33",
        "punycode": "^2.1.1",
        "universalify": "^0.2.0",
        "url-parse": "^1.5.3"
      },
      "engines": {
        "node": ">=6"
      }
    },
    "node_modules/@cypress/request/node_modules/mime-db": {
      "version": "1.52.0",
      "resolved": "https://registry.npmjs.org/mime-db/-/mime-db-1.52.0.tgz",
      "integrity": "sha512-sPU4uV7dYlvtWJxwwxHD0PuihVNiE7TyAbQ5SWxDCB9mUYvOgroQOwYQQOKPJ8CIbE+1ETVlOoK1UC2nU3gYvg==",
      "license": "MIT",
      "engines": {
        "node": ">= 0.6"
      }
    },
    "node_modules/@cypress/request/node_modules/mime-types": {
      "version": "2.1.35",
      "resolved": "https://registry.npmjs.org/mime-types/-/mime-types-2.1.35.tgz",
      "integrity": "sha512-ZDY+bPm5zTTF+YpCrAU9nK0UgICYPT0QtT1NZWFv4s++TNkcgVaT0g6+4R2uI4MjQjzysHB1zxuWL50hzaeXiw==",
      "license": "MIT",
      "dependencies": {
        "mime-db": "1.52.0"
      },
      "engines": {
        "node": ">= 0.6"
      }
    },
    "node_modules/@mongodb-js/saslprep": {
      "version": "1.2.2",
      "resolved": "https://registry.npmjs.org/@mongodb-js/saslprep/-/saslprep-1.2.2.tgz",
      "integrity": "sha512-EB0O3SCSNRUFk66iRCpI+cXzIjdswfCs7F6nOC3RAGJ7xr5YhaicvsRwJ9eyzYvYRlCSDUO/c7g4yNulxKC1WA==",
      "license": "MIT",
      "dependencies": {
        "sparse-bitfield": "^3.0.3"
      }
    },
    "node_modules/@types/webidl-conversions": {
      "version": "7.0.3",
      "resolved": "https://registry.npmjs.org/@types/webidl-conversions/-/webidl-conversions-7.0.3.tgz",
      "integrity": "sha512-CiJJvcRtIgzadHCYXw7dqEnMNRjhGZlYK05Mj9OyktqV8uVT8fD2BFOB7S1uwBE3Kj2Z+4UyPmFw/Ixgw/LAlA==",
      "license": "MIT"
    },
    "node_modules/@types/whatwg-url": {
      "version": "11.0.5",
      "resolved": "https://registry.npmjs.org/@types/whatwg-url/-/whatwg-url-11.0.5.tgz",
      "integrity": "sha512-coYR071JRaHa+xoEvvYqvnIHaVqaYrLPbsufM9BF63HkwI5Lgmy2QR8Q5K/lYDYo5AK82wOvSOS0UsLTpTG7uQ==",
      "license": "MIT",
      "dependencies": {
        "@types/webidl-conversions": "*"
      }
    },
    "node_modules/accepts": {
      "version": "2.0.0",
      "resolved": "https://registry.npmjs.org/accepts/-/accepts-2.0.0.tgz",
      "integrity": "sha512-5cvg6CtKwfgdmVqY1WIiXKc3Q1bkRqGLi+2W/6ao+6Y7gu/RCwRuAhGEzh5B4KlszSuTLgZYuqFqo5bImjNKng==",
      "license": "MIT",
      "dependencies": {
        "mime-types": "^3.0.0",
        "negotiator": "^1.0.0"
      },
      "engines": {
        "node": ">= 0.6"
      }
    },
    "node_modules/ajv": {
      "version": "6.12.6",
      "resolved": "https://registry.npmjs.org/ajv/-/ajv-6.12.6.tgz",
      "integrity": "sha512-j3fVLgvTo527anyYyJOGTYJbG+vnnQYvE0m5mmkc1TK+nxAppkCLMIL0aZ4dblVCNoGShhm+kzE4ZUykBoMg4g==",
      "license": "MIT",
      "dependencies": {
        "fast-deep-equal": "^3.1.1",
        "fast-json-stable-stringify": "^2.0.0",
        "json-schema-traverse": "^0.4.1",
        "uri-js": "^4.2.2"
      },
      "funding": {
        "type": "github",
        "url": "https://github.com/sponsors/epoberezkin"
      }
    },
    "node_modules/append-field": {
      "version": "1.0.0",
      "resolved": "https://registry.npmjs.org/append-field/-/append-field-1.0.0.tgz",
      "integrity": "sha512-klpgFSWLW1ZEs8svjfb7g4qWY0YS5imI82dTg+QahUvJ8YqAY0P10Uk8tTyh9ZGuYEZEMaeJYCF5BFuX552hsw==",
      "license": "MIT"
    },
    "node_modules/array-buffer-byte-length": {
      "version": "1.0.2",
      "resolved": "https://registry.npmjs.org/array-buffer-byte-length/-/array-buffer-byte-length-1.0.2.tgz",
      "integrity": "sha512-LHE+8BuR7RYGDKvnrmcuSq3tDcKv9OFEXQt/HpbZhY7V6h0zlUXutnAD82GiFx9rdieCMjkvtcsPqBwgUl1Iiw==",
      "license": "MIT",
      "dependencies": {
        "call-bound": "^1.0.3",
        "is-array-buffer": "^3.0.5"
      },
      "engines": {
        "node": ">= 0.4"
      },
      "funding": {
        "url": "https://github.com/sponsors/ljharb"
      }
    },
    "node_modules/array.prototype.findindex": {
      "version": "2.2.4",
      "resolved": "https://registry.npmjs.org/array.prototype.findindex/-/array.prototype.findindex-2.2.4.tgz",
      "integrity": "sha512-LLm4mhxa9v8j0A/RPnpQAP4svXToJFh+Hp1pNYl5ZD5qpB4zdx/D4YjpVcETkhFbUKWO3iGMVLvrOnnmkAJT6A==",
      "license": "MIT",
      "dependencies": {
        "call-bind": "^1.0.8",
        "call-bound": "^1.0.3",
        "define-properties": "^1.2.1",
        "es-abstract": "^1.23.6",
        "es-object-atoms": "^1.0.0",
        "es-shim-unscopables": "^1.0.2"
      },
      "engines": {
        "node": ">= 0.4"
      }
    },
    "node_modules/arraybuffer.prototype.slice": {
      "version": "1.0.4",
      "resolved": "https://registry.npmjs.org/arraybuffer.prototype.slice/-/arraybuffer.prototype.slice-1.0.4.tgz",
      "integrity": "sha512-BNoCY6SXXPQ7gF2opIP4GBE+Xw7U+pHMYKuzjgCN3GwiaIR09UUeKfheyIry77QtrCBlC0KK0q5/TER/tYh3PQ==",
      "license": "MIT",
      "dependencies": {
        "array-buffer-byte-length": "^1.0.1",
        "call-bind": "^1.0.8",
        "define-properties": "^1.2.1",
        "es-abstract": "^1.23.5",
        "es-errors": "^1.3.0",
        "get-intrinsic": "^1.2.6",
        "is-array-buffer": "^3.0.4"
      },
      "engines": {
        "node": ">= 0.4"
      },
      "funding": {
        "url": "https://github.com/sponsors/ljharb"
      }
    },
    "node_modules/asn1": {
      "version": "0.2.6",
      "resolved": "https://registry.npmjs.org/asn1/-/asn1-0.2.6.tgz",
      "integrity": "sha512-ix/FxPn0MDjeyJ7i/yoHGFt/EX6LyNbxSEhPPXODPL+KB0VPk86UYfL0lMdy+KCnv+fmvIzySwaK5COwqVbWTQ==",
      "license": "MIT",
      "dependencies": {
        "safer-buffer": "~2.1.0"
      }
    },
    "node_modules/assert-plus": {
      "version": "1.0.0",
      "resolved": "https://registry.npmjs.org/assert-plus/-/assert-plus-1.0.0.tgz",
      "integrity": "sha512-NfJ4UzBCcQGLDlQq7nHxH+tv3kyZ0hHQqF5BO6J7tNJeP5do1llPr8dZ8zHonfhAu0PHAdMkSo+8o0wxg9lZWw==",
      "license": "MIT",
      "engines": {
        "node": ">=0.8"
      }
    },
    "node_modules/async-function": {
      "version": "1.0.0",
      "resolved": "https://registry.npmjs.org/async-function/-/async-function-1.0.0.tgz",
      "integrity": "sha512-hsU18Ae8CDTR6Kgu9DYf0EbCr/a5iGL0rytQDobUcdpYOKokk8LEjVphnXkDkgpi0wYVsqrXuP0bZxJaTqdgoA==",
      "license": "MIT",
      "engines": {
        "node": ">= 0.4"
      }
    },
    "node_modules/async-mutex": {
      "version": "0.3.2",
      "resolved": "https://registry.npmjs.org/async-mutex/-/async-mutex-0.3.2.tgz",
      "integrity": "sha512-HuTK7E7MT7jZEh1P9GtRW9+aTWiDWWi9InbZ5hjxrnRa39KS4BW04+xLBhYNS2aXhHUIKZSw3gj4Pn1pj+qGAA==",
      "license": "MIT",
      "dependencies": {
        "tslib": "^2.3.1"
      }
    },
    "node_modules/asynckit": {
      "version": "0.4.0",
      "resolved": "https://registry.npmjs.org/asynckit/-/asynckit-0.4.0.tgz",
      "integrity": "sha512-Oei9OH4tRh0YqU3GxhX79dM/mwVgvbZJaSNaRk+bshkj0S5cfHcgYakreBjrHwatXKbz+IoIdYLxrKim2MjW0Q==",
      "license": "MIT"
    },
    "node_modules/available-typed-arrays": {
      "version": "1.0.7",
      "resolved": "https://registry.npmjs.org/available-typed-arrays/-/available-typed-arrays-1.0.7.tgz",
      "integrity": "sha512-wvUjBtSGN7+7SjNpq/9M2Tg350UZD3q62IFZLbRAR1bSMlCo1ZaeW+BJ+D090e4hIIZLBcTDWe4Mh4jvUDajzQ==",
      "license": "MIT",
      "dependencies": {
        "possible-typed-array-names": "^1.0.0"
      },
      "engines": {
        "node": ">= 0.4"
      },
      "funding": {
        "url": "https://github.com/sponsors/ljharb"
      }
    },
    "node_modules/aws-sign2": {
      "version": "0.7.0",
      "resolved": "https://registry.npmjs.org/aws-sign2/-/aws-sign2-0.7.0.tgz",
      "integrity": "sha512-08kcGqnYf/YmjoRhfxyu+CLxBjUtHLXLXX/vUfx9l2LYzG3c1m61nrpyFUZI6zeS+Li/wWMMidD9KgrqtGq3mA==",
      "license": "Apache-2.0",
      "engines": {
        "node": "*"
      }
    },
    "node_modules/aws4": {
      "version": "1.13.2",
      "resolved": "https://registry.npmjs.org/aws4/-/aws4-1.13.2.tgz",
      "integrity": "sha512-lHe62zvbTB5eEABUVi/AwVh0ZKY9rMMDhmm+eeyuuUQbQ3+J+fONVQOZyj+DdrvD4BY33uYniyRJ4UJIaSKAfw==",
      "license": "MIT"
    },
    "node_modules/axios": {
      "version": "1.9.0",
      "resolved": "https://registry.npmjs.org/axios/-/axios-1.9.0.tgz",
      "integrity": "sha512-re4CqKTJaURpzbLHtIi6XpDv20/CnpXOtjRY5/CU32L8gU8ek9UIivcfvSWvmKEngmVbrUtPpdDwWDWL7DNHvg==",
      "license": "MIT",
      "dependencies": {
        "follow-redire
